
Microsoft Visual Studio Solution File, Format Version 12.00
# Visual Studio Version 16
VisualStudioVersion = 16.0.30717.126
MinimumVisualStudioVersion = 10.0.40219.1
Project("{9A19103F-16F7-4668-BE54-9A1E7A4F7556}") = "ImageBox", "ImageBox\ImageBox.csproj", "{C4863A9A-2B4E-4CAA-AEAB-73E6CD229CDE}"
EndProject
Project("{9A19103F-16F7-4668-BE54-9A1E7A4F7556}") = "ImageBox.CLI", "ImageBox.CLI\ImageBox.CLI.csproj", "{6A57C83C-50FD-4435-A423-30E4E7722A6D}"
EndProject
Project("{FAE04EC0-301F-11D3-BF4B-00C04F79EFBC}") = "ImageBox.UI", "ImageBox.UI\ImageBox.UI.csproj", "{380C9652-4EF8-4BF5-99DE-5C896872B131}"
EndProject
Global
	GlobalSection(SolutionConfigurationPlatforms) = preSolution
		Debug|Any CPU = Debug|Any CPU
		Debug|x64 = Debug|x64
		Debug|x86 = Debug|x86
		Release|Any CPU = Release|Any CPU
		Release|x64 = Release|x64
		Release|x86 = Release|x86
	EndGlobalSection
	GlobalSection(ProjectConfigurationPlatforms) = postSolution
		{C4863A9A-2B4E-4CAA-AEAB-73E6CD229CDE}.Debug|Any CPU.ActiveCfg = Debug|Any CPU
		{C4863A9A-2B4E-4CAA-AEAB-73E6CD229CDE}.Debug|Any CPU.Build.0 = Debug|Any CPU
		{C4863A9A-2B4E-4CAA-AEAB-73E6CD229CDE}.Debug|x64.ActiveCfg = Debug|Any CPU
		{C4863A9A-2B4E-4CAA-AEAB-73E6CD229CDE}.Debug|x64.Build.0 = Debug|Any CPU
		{C4863A9A-2B4E-4CAA-AEAB-73E6CD229CDE}.Debug|x86.ActiveCfg = Debug|Any CPU
		{C4863A9A-2B4E-4CAA-AEAB-73E6CD229CDE}.Debug|x86.Build.0 = Debug|Any CPU
		{C4863A9A-2B4E-4CAA-AEAB-73E6CD229CDE}.Release|Any CPU.ActiveCfg = Release|Any CPU
		{C4863A9A-2B4E-4CAA-AEAB-73E6CD229CDE}.Release|Any CPU.Build.0 = Release|Any CPU
		{C4863A9A-2B4E-4CAA-AEAB-73E6CD229CDE}.Release|x64.ActiveCfg = Release|Any CPU
		{C4863A9A-2B4E-4CAA-AEAB-73E6CD229CDE}.Release|x64.Build.0 = Release|Any CPU
		{C4863A9A-2B4E-4CAA-AEAB-73E6CD229CDE}.Release|x86.ActiveCfg = Release|Any CPU
		{C4863A9A-2B4E-4CAA-AEAB-73E6CD229CDE}.Release|x86.Build.0 = Release|Any CPU
		{6A57C83C-50FD-4435-A423-30E4E7722A6D}.Debug|Any CPU.ActiveCfg = Debug|Any CPU
		{6A57C83C-50FD-4435-A423-30E4E7722A6D}.Debug|Any CPU.Build.0 = Debug|Any CPU
		{6A57C83C-50FD-4435-A423-30E4E7722A6D}.Debug|x64.ActiveCfg = Debug|Any CPU
		{6A57C83C-50FD-4435-A423-30E4E7722A6D}.Debug|x64.Build.0 = Debug|Any CPU
		{6A57C83C-50FD-4435-A423-30E4E7722A6D}.Debug|x86.ActiveCfg = Debug|Any CPU
		{6A57C83C-50FD-4435-A423-30E4E7722A6D}.Debug|x86.Build.0 = Debug|Any CPU
		{6A57C83C-50FD-4435-A423-30E4E7722A6D}.Release|Any CPU.ActiveCfg = Release|Any CPU
		{6A57C83C-50FD-4435-A423-30E4E7722A6D}.Release|Any CPU.Build.0 = Release|Any CPU
		{6A57C83C-50FD-4435-A423-30E4E7722A6D}.Release|x64.ActiveCfg = Release|Any CPU
		{6A57C83C-50FD-4435-A423-30E4E7722A6D}.Release|x64.Build.0 = Release|Any CPU
		{6A57C83C-50FD-4435-A423-30E4E7722A6D}.Release|x86.ActiveCfg = Release|Any CPU
		{6A57C83C-50FD-4435-A423-30E4E7722A6D}.Release|x86.Build.0 = Release|Any CPU
		{380C9652-4EF8-4BF5-99DE-5C896872B131}.Debug|Any CPU.ActiveCfg = Debug|Any CPU
		{380C9652-4EF8-4BF5-99DE-5C896872B131}.Debug|Any CPU.Build.0 = Debug|Any CPU
		{380C9652-4EF8-4BF5-99DE-5C896872B131}.Debug|x64.ActiveCfg = Debug|Any CPU
		{380C9652-4EF8-4BF5-99DE-5C896872B131}.Debug|x64.Build.0 = Debug|Any CPU
		{380C9652-4EF8-4BF5-99DE-5C896872B131}.Debug|x86.ActiveCfg = Debug|Any CPU
		{380C9652-4EF8-4BF5-99DE-5C896872B131}.Debug|x86.Build.0 = Debug|Any CPU
		{380C9652-4EF8-4BF5-99DE-5C896872B131}.Release|Any CPU.ActiveCfg = Release|Any CPU
		{380C9652-4EF8-4BF5-99DE-5C896872B131}.Release|Any CPU.Build.0 = Release|Any CPU
		{380C9652-4EF8-4BF5-99DE-5C896872B131}.Release|x64.ActiveCfg = Release|Any CPU
		{380C9652-4EF8-4BF5-99DE-5C896872B131}.Release|x64.Build.0 = Release|Any CPU
		{380C9652-4EF8-4BF5-99DE-5C896872B131}.Release|x86.ActiveCfg = Release|Any CPU
		{380C9652-4EF8-4BF5-99DE-5C896872B131}.Release|x86.Build.0 = Release|Any CPU
	EndGlobalSection
	GlobalSection(SolutionProperties) = preSolution
		HideSolutionNode = FALSE
	EndGlobalSection
	GlobalSection(ExtensibilityGlobals) = postSolution
		SolutionGuid = {0F54CBAD-01EA-493A-A367-5D07733A6759}
	EndGlobalSection
EndGlobal
